{
  "name": "open-manu",
  "lockfileVersion": 3,
  "requires": true,
  "packages": {
    "": {
      "dependencies": {
        "design-md-linter": "^0.1.0"
      }
    },
    "node_modules/design-md-linter": {
      "version": "0.1.0",
      "resolved": "https://registry.npmjs.org/design-md-linter/-/design-md-linter-0.1.0.tgz",
      "integrity": "sha512-cIWuuxBwKD0hDVLfFqpWmh5pvQDuUZhp2JMzER3LRMPpJiJb5lu7PKOglcD4hOP8pZ/WT0L6RFMXyqoZTiapEQ==",
      "license": "MIT",
      "engines": {
        "node": ">=22.12.0",
        "pnpm": ">=10.0.0"
      }
    }
  }
}
